<?xml version="1.0" encoding="utf-8"?>
<Project ToolsVersion="4.0" xmlns="http://schemas.microsoft.com/developer/msbuild/2003">
  <ItemGroup>
    <ClCompile Include="SCV.cpp" />
    <ClCompile Include="VisualSensor.cpp" />
    <ClCompile Include="WinMain.cpp" />
    <ClCompile Include="Mineral.cpp" />
    <ClCompile Include="Raven.cpp" />
    <ClCompile Include="GoalWander.cpp" />
    <ClCompile Include="GoalSeekToPosition.cpp" />
    <ClCompile Include="GoalMoveToPosition.cpp" />
    <ClCompile Include="RavenStrategy.cpp" />
    <ClCompile Include="RavenHuntStrategy.cpp" />
    <ClCompile Include="GoalArriveAtPosition.cpp" />
    <ClCompile Include="RavenGoToMineralStrategy.cpp" />
    <ClCompile Include="GoalHarvestMineral.cpp" />
  </ItemGroup>
  <ItemGroup>
    <ClInclude Include="SCV.h" />
    <ClInclude Include="TypeId.h" />
    <ClInclude Include="VisualSensor.h" />
    <ClInclude Include="Mineral.h" />
    <ClInclude Include="Raven.h" />
    <ClInclude Include="GoalWander.h" />
    <ClInclude Include="GoalSeekToPosition.h" />
    <ClInclude Include="GoalMoveToPosition.h" />
    <ClInclude Include="RavenStrategy.h" />
    <ClInclude Include="RavenHuntStrategy.h" />
    <ClInclude Include="GoalArriveAtPosition.h" />
    <ClInclude Include="RavenGoToMineralStrategy.h" />
    <ClInclude Include="GoalHarvestMineral.h" />
  </ItemGroup>
</Project>